
Microsoft Visual Studio Solution File, Format Version 12.00
# Visual Studio 14
VisualStudioVersion = 14.0.24720.0
MinimumVisualStudioVersion = 10.0.40219.1
Project("{FAE04EC0-301F-11D3-BF4B-00C04F79EFBC}") = "WPFChp1Lec1.Controls", "WPFChp1\WPFChp1Lec1.Controls.csproj", "{20B3F360-194A-4ED7-A67C-33D427E04675}"
EndProject
Project("{FAE04EC0-301F-11D3-BF4B-00C04F79EFBC}") = "WPFChp1Lec2.Resources", "WPFCp1Lec2\WPFChp1Lec2.Resources.csproj", "{30EC76A3-BFFC-4996-A920-0284F33722D1}"
EndProject
Project("{FAE04EC0-301F-11D3-BF4B-00C04F79EFBC}") = "WPFChp1Lec3.Styles", "WPFChp1Lec3\WPFChp1Lec3.Styles.csproj", "{D6BFE150-DFFF-4D52-8476-67ED493DAF26}"
EndProject
Project("{FAE04EC0-301F-11D3-BF4B-00C04F79EFBC}") = "WPFChp1Practices", "WPFChp1Practices\WPFChp1Practices.csproj", "{97475915-FC61-42B5-B16A-BB3F64E2CC53}"
EndProject
Global
	GlobalSection(SolutionConfigurationPlatforms) = preSolution
		Debug|Any CPU = Debug|Any CPU
		Release|Any CPU = Release|Any CPU
	EndGlobalSection
	GlobalSection(ProjectConfigurationPlatforms) = postSolution
		{20B3F360-194A-4ED7-A67C-33D427E04675}.Debug|Any CPU.ActiveCfg = Debug|Any CPU
		{20B3F360-194A-4ED7-A67C-33D427E04675}.Debug|Any CPU.Build.0 = Debug|Any CPU
		{20B3F360-194A-4ED7-A67C-33D427E04675}.Release|Any CPU.ActiveCfg = Release|Any CPU
		{20B3F360-194A-4ED7-A67C-33D427E04675}.Release|Any CPU.Build.0 = Release|Any CPU
		{30EC76A3-BFFC-4996-A920-0284F33722D1}.Debug|Any CPU.ActiveCfg = Debug|Any CPU
		{30EC76A3-BFFC-4996-A920-0284F33722D1}.Debug|Any CPU.Build.0 = Debug|Any CPU
		{30EC76A3-BFFC-4996-A920-0284F33722D1}.Release|Any CPU.ActiveCfg = Release|Any CPU
		{30EC76A3-BFFC-4996-A920-0284F33722D1}.Release|Any CPU.Build.0 = Release|Any CPU
		{D6BFE150-DFFF-4D52-8476-67ED493DAF26}.Debug|Any CPU.ActiveCfg = Debug|Any CPU
		{D6BFE150-DFFF-4D52-8476-67ED493DAF26}.Debug|Any CPU.Build.0 = Debug|Any CPU
		{D6BFE150-DFFF-4D52-8476-67ED493DAF26}.Release|Any CPU.ActiveCfg = Release|Any CPU
		{D6BFE150-DFFF-4D52-8476-67ED493DAF26}.Release|Any CPU.Build.0 = Release|Any CPU
		{97475915-FC61-42B5-B16A-BB3F64E2CC53}.Debug|Any CPU.ActiveCfg = Debug|Any CPU
		{97475915-FC61-42B5-B16A-BB3F64E2CC53}.Debug|Any CPU.Build.0 = Debug|Any CPU
		{97475915-FC61-42B5-B16A-BB3F64E2CC53}.Release|Any CPU.ActiveCfg = Release|Any CPU
		{97475915-FC61-42B5-B16A-BB3F64E2CC53}.Release|Any CPU.Build.0 = Release|Any CPU
	EndGlobalSection
	GlobalSection(SolutionProperties) = preSolution
		HideSolutionNode = FALSE
	EndGlobalSection
EndGlobal
